
Microsoft Visual Studio Solution File, Format Version 12.00
# Visual Studio 15
VisualStudioVersion = 15.0.26124.0
MinimumVisualStudioVersion = 15.0.26124.0
Project("{FAE04EC0-301F-11D3-BF4B-00C04F79EFBC}") = "RollingMedian.Lib", "RollingMedian.Lib\RollingMedian.Lib.csproj", "{1CB4D92D-D389-4A5C-B04B-B9ABD455671A}"
EndProject
Project("{FAE04EC0-301F-11D3-BF4B-00C04F79EFBC}") = "RollingMedian.ConsoleApp", "RollingMedian.ConsoleApp\RollingMedian.ConsoleApp.csproj", "{3AE7934E-E193-42BF-8FA5-0F589EDDE4A0}"
EndProject
Project("{FAE04EC0-301F-11D3-BF4B-00C04F79EFBC}") = "RollingMedian.Tests", "RollingMedian.Tests\RollingMedian.Tests.csproj", "{6D6F74E3-5460-4881-8751-89B21233D3A2}"
EndProject
Global
	GlobalSection(SolutionConfigurationPlatforms) = preSolution
		Debug|Any CPU = Debug|Any CPU
		Debug|x64 = Debug|x64
		Debug|x86 = Debug|x86
		Release|Any CPU = Release|Any CPU
		Release|x64 = Release|x64
		Release|x86 = Release|x86
	EndGlobalSection
	GlobalSection(SolutionProperties) = preSolution
		HideSolutionNode = FALSE
	EndGlobalSection
	GlobalSection(ProjectConfigurationPlatforms) = postSolution
		{1CB4D92D-D389-4A5C-B04B-B9ABD455671A}.Debug|Any CPU.ActiveCfg = Debug|Any CPU
		{1CB4D92D-D389-4A5C-B04B-B9ABD455671A}.Debug|Any CPU.Build.0 = Debug|Any CPU
		{1CB4D92D-D389-4A5C-B04B-B9ABD455671A}.Debug|x64.ActiveCfg = Debug|Any CPU
		{1CB4D92D-D389-4A5C-B04B-B9ABD455671A}.Debug|x64.Build.0 = Debug|Any CPU
		{1CB4D92D-D389-4A5C-B04B-B9ABD455671A}.Debug|x86.ActiveCfg = Debug|Any CPU
		{1CB4D92D-D389-4A5C-B04B-B9ABD455671A}.Debug|x86.Build.0 = Debug|Any CPU
		{1CB4D92D-D389-4A5C-B04B-B9ABD455671A}.Release|Any CPU.ActiveCfg = Release|Any CPU
		{1CB4D92D-D389-4A5C-B04B-B9ABD455671A}.Release|Any CPU.Build.0 = Release|Any CPU
		{1CB4D92D-D389-4A5C-B04B-B9ABD455671A}.Release|x64.ActiveCfg = Release|Any CPU
		{1CB4D92D-D389-4A5C-B04B-B9ABD455671A}.Release|x64.Build.0 = Release|Any CPU
		{1CB4D92D-D389-4A5C-B04B-B9ABD455671A}.Release|x86.ActiveCfg = Release|Any CPU
		{1CB4D92D-D389-4A5C-B04B-B9ABD455671A}.Release|x86.Build.0 = Release|Any CPU
		{3AE7934E-E193-42BF-8FA5-0F589EDDE4A0}.Debug|Any CPU.ActiveCfg = Debug|Any CPU
		{3AE7934E-E193-42BF-8FA5-0F589EDDE4A0}.Debug|Any CPU.Build.0 = Debug|Any CPU
		{3AE7934E-E193-42BF-8FA5-0F589EDDE4A0}.Debug|x64.ActiveCfg = Debug|Any CPU
		{3AE7934E-E193-42BF-8FA5-0F589EDDE4A0}.Debug|x64.Build.0 = Debug|Any CPU
		{3AE7934E-E193-42BF-8FA5-0F589EDDE4A0}.Debug|x86.ActiveCfg = Debug|Any CPU
		{3AE7934E-E193-42BF-8FA5-0F589EDDE4A0}.Debug|x86.Build.0 = Debug|Any CPU
		{3AE7934E-E193-42BF-8FA5-0F589EDDE4A0}.Release|Any CPU.ActiveCfg = Release|Any CPU
		{3AE7934E-E193-42BF-8FA5-0F589EDDE4A0}.Release|Any CPU.Build.0 = Release|Any CPU
		{3AE7934E-E193-42BF-8FA5-0F589EDDE4A0}.Release|x64.ActiveCfg = Release|Any CPU
		{3AE7934E-E193-42BF-8FA5-0F589EDDE4A0}.Release|x64.Build.0 = Release|Any CPU
		{3AE7934E-E193-42BF-8FA5-0F589EDDE4A0}.Release|x86.ActiveCfg = Release|Any CPU
		{3AE7934E-E193-42BF-8FA5-0F589EDDE4A0}.Release|x86.Build.0 = Release|Any CPU
		{6D6F74E3-5460-4881-8751-89B21233D3A2}.Debug|Any CPU.ActiveCfg = Debug|Any CPU
		{6D6F74E3-5460-4881-8751-89B21233D3A2}.Debug|Any CPU.Build.0 = Debug|Any CPU
		{6D6F74E3-5460-4881-8751-89B21233D3A2}.Debug|x64.ActiveCfg = Debug|Any CPU
		{6D6F74E3-5460-4881-8751-89B21233D3A2}.Debug|x64.Build.0 = Debug|Any CPU
		{6D6F74E3-5460-4881-8751-89B21233D3A2}.Debug|x86.ActiveCfg = Debug|Any CPU
		{6D6F74E3-5460-4881-8751-89B21233D3A2}.Debug|x86.Build.0 = Debug|Any CPU
		{6D6F74E3-5460-4881-8751-89B21233D3A2}.Release|Any CPU.ActiveCfg = Release|Any CPU
		{6D6F74E3-5460-4881-8751-89B21233D3A2}.Release|Any CPU.Build.0 = Release|Any CPU
		{6D6F74E3-5460-4881-8751-89B21233D3A2}.Release|x64.ActiveCfg = Release|Any CPU
		{6D6F74E3-5460-4881-8751-89B21233D3A2}.Release|x64.Build.0 = Release|Any CPU
		{6D6F74E3-5460-4881-8751-89B21233D3A2}.Release|x86.ActiveCfg = Release|Any CPU
		{6D6F74E3-5460-4881-8751-89B21233D3A2}.Release|x86.Build.0 = Release|Any CPU
	EndGlobalSection
EndGlobal
